Microsoft Visual Studio Solution File, Format Version 12.00
Project("{2150E333-8FDC-42A3-9474-1A3956D46DE8}") = "src", "src", "{9AD6C839-C8CC-4D31-BC86-99B25CEEDC4F}"
EndProject
Project("{2150E333-8FDC-42A3-9474-1A3956D46DE8}") = "solution", "solution", "{5C2A0A7C-D9E5-47EF-B8B0-92CBCC958AB5}"
ProjectSection(SolutionItems) = preProject
	README.md = README.md
	NuGet.config = NuGet.config
	.gitignore = .gitignore
	Directory.Packages.props = Directory.Packages.props
	Directory.Build.props = Directory.Build.props
EndProjectSection
EndProject
Project("{2150E333-8FDC-42A3-9474-1A3956D46DE8}") = "modules", "modules", "{04CB7635-7DE1-429B-9F83-9DB75F9D01AB}"
EndProject
Project("{2150E333-8FDC-42A3-9474-1A3956D46DE8}") = "apps", "apps", "{BF82FD42-730E-48F3-9572-2FEEC9BF7298}"
EndProject
Project("{FAE04EC0-301F-11D3-BF4B-00C04F79EFBC}") = "OrchardHarvest2025.Web", "src\apps\OrchardHarvest2025.Web\OrchardHarvest2025.Web.csproj", "{4AD0CF24-8A17-4FDC-85BC-6C26E434FF8E}"
EndProject
Project("{FAE04EC0-301F-11D3-BF4B-00C04F79EFBC}") = "OrchardHarvest2025.Web.Blazor", "src\apps\OrchardHarvest2025.Web.Blazor\OrchardHarvest2025.Web.Blazor.csproj", "{DC9034E4-CAF2-499C-B1C2-D6FF68D73F0D}"
EndProject
Global
	GlobalSection(SolutionConfigurationPlatforms) = preSolution
		Debug|Any CPU = Debug|Any CPU
		Release|Any CPU = Release|Any CPU
	EndGlobalSection
	GlobalSection(ProjectConfigurationPlatforms) = postSolution
		{4AD0CF24-8A17-4FDC-85BC-6C26E434FF8E}.Debug|Any CPU.ActiveCfg = Debug|Any CPU
		{4AD0CF24-8A17-4FDC-85BC-6C26E434FF8E}.Debug|Any CPU.Build.0 = Debug|Any CPU
		{4AD0CF24-8A17-4FDC-85BC-6C26E434FF8E}.Release|Any CPU.ActiveCfg = Release|Any CPU
		{4AD0CF24-8A17-4FDC-85BC-6C26E434FF8E}.Release|Any CPU.Build.0 = Release|Any CPU
		{DC9034E4-CAF2-499C-B1C2-D6FF68D73F0D}.Debug|Any CPU.ActiveCfg = Debug|Any CPU
		{DC9034E4-CAF2-499C-B1C2-D6FF68D73F0D}.Debug|Any CPU.Build.0 = Debug|Any CPU
		{DC9034E4-CAF2-499C-B1C2-D6FF68D73F0D}.Release|Any CPU.ActiveCfg = Release|Any CPU
		{DC9034E4-CAF2-499C-B1C2-D6FF68D73F0D}.Release|Any CPU.Build.0 = Release|Any CPU
	EndGlobalSection
	GlobalSection(NestedProjects) = preSolution
		{04CB7635-7DE1-429B-9F83-9DB75F9D01AB} = {9AD6C839-C8CC-4D31-BC86-99B25CEEDC4F}
		{BF82FD42-730E-48F3-9572-2FEEC9BF7298} = {9AD6C839-C8CC-4D31-BC86-99B25CEEDC4F}
		{4AD0CF24-8A17-4FDC-85BC-6C26E434FF8E} = {BF82FD42-730E-48F3-9572-2FEEC9BF7298}
		{DC9034E4-CAF2-499C-B1C2-D6FF68D73F0D} = {BF82FD42-730E-48F3-9572-2FEEC9BF7298}
	EndGlobalSection
EndGlobal
